// !$*UTF8*$!
{
	archiveVersion = 1;
	classes = {
	};
	objectVersion = 46;
	objects = {

/* Begin PBXBuildFile section */
		91E14272168D22CA00E9433A /* UIKit.framework in Frameworks */ = {isa = PBXBuildFile; fileRef = 91E14271168D22CA00E9433A /* UIKit.framework */; };
		91E14274168D22CA00E9433A /* Foundation.framework in Frameworks */ = {isa = PBXBuildFile; fileRef = 91E14273168D22CA00E9433A /* Foundation.framework */; };
		91E14276168D22CA00E9433A /* CoreGraphics.framework in Frameworks */ = {isa = PBXBuildFile; fileRef = 91E14275168D22CA00E9433A /* CoreGraphics.framework */; };
		91E1427C168D22CA00E9433A /* InfoPlist.strings in Resources */ = {isa = PBXBuildFile; fileRef = 91E1427A168D22CA00E9433A /* InfoPlist.strings */; };
		91E1427E168D22CA00E9433A /* main.m in Sources */ = {isa = PBXBuildFile; fileRef = 91E1427D168D22CA00E9433A /* main.m */; };
		91E14282168D22CA00E9433A /* AppDelegate.m in Sources */ = {isa = PBXBuildFile; fileRef = 91E14281168D22CA00E9433A /* AppDelegate.m */; };
		91E14284168D22CA00E9433A /* Default.png in Resources */ = {isa = PBXBuildFile; fileRef = 91E14283168D22CA00E9433A /* Default.png */; };
		91E14286168D22CA00E9433A /* Default@2x.png in Resources */ = {isa = PBXBuildFile; fileRef = 91E14285168D22CA00E9433A /* Default@2x.png */; };
		91E14288168D22CA00E9433A /* Default-568h@2x.png in Resources */ = {isa = PBXBuildFile; fileRef = 91E14287168D22CA00E9433A /* Default-568h@2x.png */; };
		91E1428B168D22CA00E9433A /* MainStoryboard.storyboard in Resources */ = {isa = PBXBuildFile; fileRef = 91E14289168D22CA00E9433A /* MainStoryboard.storyboard */; };
		91E1428E168D22CA00E9433A /* ViewController.m in Sources */ = {isa = PBXBuildFile; fileRef = 91E1428D168D22CA00E9433A /* ViewController.m */; };
		91E14295168D283400E9433A /* AddressBook.framework in Frameworks */ = {isa = PBXBuildFile; fileRef = 91E14294168D283400E9433A /* AddressBook.framework */; };
/* End PBXBuildFile section */

/* Begin PBXFileReference section */
		91E1426D168D22CA00E9433A /* PopulateContacts.app */ = {isa = PBXFileReference; explicitFileType = wrapper.application; includeInIndex = 0; path = PopulateContacts.app; sourceTree = BUILT_PRODUCTS_DIR; };
		91E14271168D22CA00E9433A /* UIKit.framework */ = {isa = PBXFileReference; lastKnownFileType = wrapper.framework; name = UIKit.framework; path = System/Library/Frameworks/UIKit.framework; sourceTree = SDKROOT; };
		91E14273168D22CA00E9433A /* Foundation.framework */ = {isa = PBXFileReference; lastKnownFileType = wrapper.framework; name = Foundation.framework; path = System/Library/Frameworks/Foundation.framework; sourceTree = SDKROOT; };
		91E14275168D22CA00E9433A /* CoreGraphics.framework */ = {isa = PBXFileReference; lastKnownFileType = wrapper.framework; name = CoreGraphics.framework; path = System/Library/Frameworks/CoreGraphics.framework; sourceTree = SDKROOT; };
		91E14279168D22CA00E9433A /* PopulateContacts-Info.plist */ = {isa = PBXFileReference; lastKnownFileType = text.plist.xml; path = "PopulateContacts-Info.plist"; sourceTree = "<group>"; };
		91E1427B168D22CA00E9433A /* en */ = {isa = PBXFileReference; lastKnownFileType = text.plist.strings; name = en; path = en.lproj/InfoPlist.strings; sourceTree = "<group>"; };
		91E1427D168D22CA00E9433A /* main.m */ = {isa = PBXFileReference; lastKnownFileType = sourcecode.c.objc; path = main.m; sourceTree = "<group>"; };
		91E1427F168D22CA00E9433A /* PopulateContacts-Prefix.pch */ = {isa = PBXFileReference; lastKnownFileType = sourcecode.c.h; path = "PopulateContacts-Prefix.pch"; sourceTree = "<group>"; };
		91E14280168D22CA00E9433A /* AppDelegate.h */ = {isa = PBXFileReference; lastKnownFileType = sourcecode.c.h; path = AppDelegate.h; sourceTree = "<group>"; };
		91E14281168D22CA00E9433A /* AppDelegate.m */ = {isa = PBXFileReference; lastKnownFileType = sourcecode.c.objc; path = AppDelegate.m; sourceTree = "<group>"; };
		91E14283168D22CA00E9433A /* Default.png */ = {isa = PBXFileReference; lastKnownFileType = image.png; path = Default.png; sourceTree = "<group>"; };
		91E14285168D22CA00E9433A /* Default@2x.png */ = {isa = PBXFileReference; lastKnownFileType = image.png; path = "Default@2x.png"; sourceTree = "<group>"; };
		91E14287168D22CA00E9433A /* Default-568h@2x.png */ = {isa = PBXFileReference; lastKnownFileType = image.png; path = "Default-568h@2x.png"; sourceTree = "<group>"; };
		91E1428A168D22CA00E9433A /* en */ = {isa = PBXFileReference; lastKnownFileType = file.storyboard; name = en; path = en.lproj/MainStoryboard.storyboard; sourceTree = "<group>"; };
		91E1428C168D22CA00E9433A /* ViewController.h */ = {isa = PBXFileReference; lastKnownFileType = sourcecode.c.h; path = ViewController.h; sourceTree = "<group>"; };
		91E1428D168D22CA00E9433A /* ViewController.m */ = {isa = PBXFileReference; lastKnownFileType = sourcecode.c.objc; path = ViewController.m; sourceTree = "<group>"; };
		91E14294168D283400E9433A /* AddressBook.framework */ = {isa = PBXFileReference; lastKnownFileType = wrapper.framework; name = AddressBook.framework; path = System/Library/Frameworks/AddressBook.framework; sourceTree = SDKROOT; };
/* End PBXFileReference section */

/* Begin PBXFrameworksBuildPhase section */
		91E1426A168D22CA00E9433A /* Frameworks */ = {
			isa = PBXFrameworksBuildPhase;
			buildActionMask = 2147483647;
			files = (
				91E14295168D283400E9433A /* AddressBook.framework in Frameworks */,
				91E14272168D22CA00E9433A /* UIKit.framework in Frameworks */,
				91E14274168D22CA00E9433A /* Foundation.framework in Frameworks */,
				91E14276168D22CA00E9433A /* CoreGraphics.framework in Frameworks */,
			);
			runOnlyForDeploymentPostprocessing = 0;
		};
/* End PBXFrameworksBuildPhase section */

/* Begin PBXGroup section */
		91E14262168D22CA00E9433A = {
			isa = PBXGroup;
			children = (
				91E14277168D22CA00E9433A /* PopulateContacts */,
				91E14270168D22CA00E9433A /* Frameworks */,
				91E1426E168D22CA00E9433A /* Products */,
			);
			sourceTree = "<group>";
		};
		91E1426E168D22CA00E9433A /* Products */ = {
			isa = PBXGroup;
			children = (
				91E1426D168D22CA00E9433A /* PopulateContacts.app */,
			);
			name = Products;
			sourceTree = "<group>";
		};
		91E14270168D22CA00E9433A /* Frameworks */ = {
			isa = PBXGroup;
			children = (
				91E14294168D283400E9433A /* AddressBook.framework */,
				91E14271168D22CA00E9433A /* UIKit.framework */,
				91E14273168D22CA00E9433A /* Foundation.framework */,
				91E14275168D22CA00E9433A /* CoreGraphics.framework */,
			);
			name = Frameworks;
			sourceTree = "<group>";
		};
		91E14277168D22CA00E9433A /* PopulateContacts */ = {
			isa = PBXGroup;
			children = (
				91E14280168D22CA00E9433A /* AppDelegate.h */,
				91E14281168D22CA00E9433A /* AppDelegate.m */,
				91E14289168D22CA00E9433A /* MainStoryboard.storyboard */,
				91E1428C168D22CA00E9433A /* ViewController.h */,
				91E1428D168D22CA00E9433A /* ViewController.m */,
				91E14278168D22CA00E9433A /* Supporting Files */,
			);
			path = PopulateContacts;
			sourceTree = "<group>";
		};
		91E14278168D22CA00E9433A /* Supporting Files */ = {
			isa = PBXGroup;
			children = (
				91E14279168D22CA00E9433A /* PopulateContacts-Info.plist */,
				91E1427A168D22CA00E9433A /* InfoPlist.strings */,
				91E1427D168D22CA00E9433A /* main.m */,
				91E1427F168D22CA00E9433A /* PopulateContacts-Prefix.pch */,
				91E14283168D22CA00E9433A /* Default.png */,
				91E14285168D22CA00E9433A /* Default@2x.png */,
				91E14287168D22CA00E9433A /* Default-568h@2x.png */,
			);
			name = "Supporting Files";
			sourceTree = "<group>";
		};
/* End PBXGroup section */

/* Begin PBXNativeTarget section */
		91E1426C168D22CA00E9433A /* PopulateContacts */ = {
			isa = PBXNativeTarget;
			buildConfigurationList = 91E14291168D22CA00E9433A /* Build configuration list for PBXNativeTarget "PopulateContacts" */;
			buildPhases = (
				91E14269168D22CA00E9433A /* Sources */,
				91E1426A168D22CA00E9433A /* Frameworks */,
				91E1426B168D22CA00E9433A /* Resources */,
			);
			buildRules = (
			);
			dependencies = (
			);
			name = PopulateContacts;
			productName = PopulateContacts;
			productReference = 91E1426D168D22CA00E9433A /* PopulateContacts.app */;
			productType = "com.apple.product-type.application";
		};
/* End PBXNativeTarget section */

/* Begin PBXProject section */
		91E14264168D22CA00E9433A /* Project object */ = {
			isa = PBXProject;
			attributes = {
				LastUpgradeCheck = 0450;
				ORGANIZATIONNAME = XYZ;
			};
			buildConfigurationList = 91E14267168D22CA00E9433A /* Build configuration list for PBXProject "PopulateContacts" */;
			compatibilityVersion = "Xcode 3.2";
			developmentRegion = English;
			hasScannedForEncodings = 0;
			knownRegions = (
				English,
				en,
			);
			mainGroup = 91E14262168D22CA00E9433A;
			productRefGroup = 91E1426E168D22CA00E9433A /* Products */;
			projectDirPath = "";
			projectRoot = "";
			targets = (
				91E1426C168D22CA00E9433A /* PopulateContacts */,
			);
		};
/* End PBXProject section */

/* Begin PBXResourcesBuildPhase section */
		91E1426B168D22CA00E9433A /* Resources */ = {
			isa = PBXResourcesBuildPhase;
			buildActionMask = 2147483647;
			files = (
				91E1427C168D22CA00E9433A /* InfoPlist.strings in Resources */,
				91E14284168D22CA00E9433A /* Default.png in Resources */,
				91E14286168D22CA00E9433A /* Default@2x.png in Resources */,
				91E14288168D22CA00E9433A /* Default-568h@2x.png in Resources */,
				91E1428B168D22CA00E9433A /* MainStoryboard.storyboard in Resources */,
			);
			runOnlyForDeploymentPostprocessing = 0;
		};
/* End PBXResourcesBuildPhase section */

/* Begin PBXSourcesBuildPhase section */
		91E14269168D22CA00E9433A /* Sources */ = {
			isa = PBXSourcesBuildPhase;
			buildActionMask = 2147483647;
			files = (
				91E1427E168D22CA00E9433A /* main.m in Sources */,
				91E14282168D22CA00E9433A /* AppDelegate.m in Sources */,
				91E1428E168D22CA00E9433A /* ViewController.m in Sources */,
			);
			runOnlyForDeploymentPostprocessing = 0;
		};
/* End PBXSourcesBuildPhase section */

/* Begin PBXVariantGroup section */
		91E1427A168D22CA00E9433A /* InfoPlist.strings */ = {
			isa = PBXVariantGroup;
			children = (
				91E1427B168D22CA00E9433A /* en */,
			);
			name = InfoPlist.strings;
			sourceTree = "<group>";
		};
		91E14289168D22CA00E9433A /* MainStoryboard.storyboard */ = {
			isa = PBXVariantGroup;
			children = (
				91E1428A168D22CA00E9433A /* en */,
			);
			name = MainStoryboard.storyboard;
			sourceTree = "<group>";
		};
/* End PBXVariantGroup section */

/* Begin XCBuildConfiguration section */
		91E1428F168D22CA00E9433A /* Debug */ = {
			isa = XCBuildConfiguration;
			buildSettings = {
				ALWAYS_SEARCH_USER_PATHS = NO;
				CLANG_CXX_LANGUAGE_STANDARD = "gnu++0x";
				CLANG_CXX_LIBRARY = "libc++";
				CLANG_ENABLE_OBJC_ARC = YES;
				CLANG_WARN_EMPTY_BODY = YES;
				CLANG_WARN__DUPLICATE_METHOD_MATCH = YES;
				"CODE_SIGN_IDENTITY[sdk=iphoneos*]" = "iPhone Developer";
				COPY_PHASE_STRIP = NO;
				GCC_C_LANGUAGE_STANDARD = gnu99;
				GCC_DYNAMIC_NO_PIC = NO;
				GCC_OPTIMIZATION_LEVEL = 0;
				GCC_PREPROCESSOR_DEFINITIONS = (
					"DEBUG=1",
					"$(inherited)",
				);
				GCC_SYMBOLS_PRIVATE_EXTERN = NO;
				GCC_WARN_ABOUT_RETURN_TYPE = YES;
				GCC_WARN_UNINITIALIZED_AUTOS = YES;
				GCC_WARN_UNUSED_VARIABLE = YES;
				IPHONEOS_DEPLOYMENT_TARGET = 13.2;
				ONLY_ACTIVE_ARCH = YES;
				SDKROOT = iphoneos;
			};
			name = Debug;
		};
		91E14290168D22CA00E9433A /* Release */ = {
			isa = XCBuildConfiguration;
			buildSettings = {
				ALWAYS_SEARCH_USER_PATHS = NO;
				CLANG_CXX_LANGUAGE_STANDARD = "gnu++0x";
				CLANG_CXX_LIBRARY = "libc++";
				CLANG_ENABLE_OBJC_ARC = YES;
				CLANG_WARN_EMPTY_BODY = YES;
				CLANG_WARN__DUPLICATE_METHOD_MATCH = YES;
				"CODE_SIGN_IDENTITY[sdk=iphoneos*]" = "iPhone Developer";
				COPY_PHASE_STRIP = YES;
				GCC_C_LANGUAGE_STANDARD = gnu99;
				GCC_WARN_ABOUT_RETURN_TYPE = YES;
				GCC_WARN_UNINITIALIZED_AUTOS = YES;
				GCC_WARN_UNUSED_VARIABLE = YES;
				IPHONEOS_DEPLOYMENT_TARGET = 13.2;
				OTHER_CFLAGS = "-DNS_BLOCK_ASSERTIONS=1";
				SDKROOT = iphoneos;
				VALIDATE_PRODUCT = YES;
			};
			name = Release;
		};
		91E14292168D22CA00E9433A /* Debug */ = {
			isa = XCBuildConfiguration;
			buildSettings = {
				GCC_PRECOMPILE_PREFIX_HEADER = YES;
				GCC_PREFIX_HEADER = "PopulateContacts/PopulateContacts-Prefix.pch";
				INFOPLIST_FILE = "PopulateContacts/PopulateContacts-Info.plist";
				IPHONEOS_DEPLOYMENT_TARGET = 13.2;
				PRODUCT_NAME = "$(TARGET_NAME)";
				WRAPPER_EXTENSION = app;
			};
			name = Debug;
		};
		91E14293168D22CA00E9433A /* Release */ = {
			isa = XCBuildConfiguration;
			buildSettings = {
				GCC_PRECOMPILE_PREFIX_HEADER = YES;
				GCC_PREFIX_HEADER = "PopulateContacts/PopulateContacts-Prefix.pch";
				INFOPLIST_FILE = "PopulateContacts/PopulateContacts-Info.plist";
				IPHONEOS_DEPLOYMENT_TARGET = 13.2;
				PRODUCT_NAME = "$(TARGET_NAME)";
				WRAPPER_EXTENSION = app;
			};
			name = Release;
		};
/* End XCBuildConfiguration section */

/* Begin XCConfigurationList section */
		91E14267168D22CA00E9433A /* Build configuration list for PBXProject "PopulateContacts" */ = {
			isa = XCConfigurationList;
			buildConfigurations = (
				91E1428F168D22CA00E9433A /* Debug */,
				91E14290168D22CA00E9433A /* Release */,
			);
			defaultConfigurationIsVisible = 0;
			defaultConfigurationName = Release;
		};
		91E14291168D22CA00E9433A /* Build configuration list for PBXNativeTarget "PopulateContacts" */ = {
			isa = XCConfigurationList;
			buildConfigurations = (
				91E14292168D22CA00E9433A /* Debug */,
				91E14293168D22CA00E9433A /* Release */,
			);
			defaultConfigurationIsVisible = 0;
			defaultConfigurationName = Release;
		};
/* End XCConfigurationList section */
	};
	rootObject = 91E14264168D22CA00E9433A /* Project object */;
}
